
Microsoft Visual Studio Solution File, Format Version 12.00
# Visual Studio Version 16
VisualStudioVersion = 16.0.29806.167
MinimumVisualStudioVersion = 10.0.40219.1
Project("{9A19103F-16F7-4668-BE54-9A1E7A4F7556}") = "DevSkill.TenantPro.Web", "DevSkill.TenantPro.Web\DevSkill.TenantPro.Web.csproj", "{4B01EA4E-F5B2-47D6-8A2A-51CFA24C365A}"
EndProject
Project("{9A19103F-16F7-4668-BE54-9A1E7A4F7556}") = "DevSkill.TenantPro.Core", "DevSkill.TenantPro.Core\DevSkill.TenantPro.Core.csproj", "{3DD1338C-E9CD-474D-9703-001A486B4459}"
EndProject
Project("{9A19103F-16F7-4668-BE54-9A1E7A4F7556}") = "DevSkill.TenantPro.Tenantship", "DevSkill.TenantPro.Tenantship\DevSkill.TenantPro.Tenantship.csproj", "{9E8AC27F-5A49-44BC-9C3E-E3E4476C08EF}"
EndProject
Project("{9A19103F-16F7-4668-BE54-9A1E7A4F7556}") = "DevSkill.TenantPro.Billing", "DevSkill.TenantPro.Billing\DevSkill.TenantPro.Billing.csproj", "{EACBA854-A885-4C6B-BCD7-2D14C3E6570C}"
EndProject
Project("{2150E333-8FDC-42A3-9474-1A3956D46DE8}") = "Tests", "Tests", "{59FE59B8-9AFA-4653-8D88-3A3F58296F58}"
EndProject
Project("{9A19103F-16F7-4668-BE54-9A1E7A4F7556}") = "DevSkill.TenantPro.Billing.Tests", "Tests\DevSkill.TenantPro.Billing.Tests\DevSkill.TenantPro.Billing.Tests.csproj", "{11AF1EDA-0D00-4AE3-BFBE-497C99F16FBC}"
EndProject
Project("{9A19103F-16F7-4668-BE54-9A1E7A4F7556}") = "DevSkill.TenantPro.Service", "DevSkill.TenantPro.Service\DevSkill.TenantPro.Service.csproj", "{50FCF85E-9B0C-4E8A-9C7D-FA5229842E05}"
EndProject
Project("{FAE04EC0-301F-11D3-BF4B-00C04F79EFBC}") = "Devskill.TenantPro.Tenantship.Tests", "Tests\Devskill.TenantPro.Tenantship.Tests\Devskill.TenantPro.Tenantship.Tests.csproj", "{6B729C25-5F92-4222-8658-2660F4685036}"
EndProject
Global
	GlobalSection(SolutionConfigurationPlatforms) = preSolution
		Debug|Any CPU = Debug|Any CPU
		Release|Any CPU = Release|Any CPU
	EndGlobalSection
	GlobalSection(ProjectConfigurationPlatforms) = postSolution
		{4B01EA4E-F5B2-47D6-8A2A-51CFA24C365A}.Debug|Any CPU.ActiveCfg = Debug|Any CPU
		{4B01EA4E-F5B2-47D6-8A2A-51CFA24C365A}.Debug|Any CPU.Build.0 = Debug|Any CPU
		{4B01EA4E-F5B2-47D6-8A2A-51CFA24C365A}.Release|Any CPU.ActiveCfg = Release|Any CPU
		{4B01EA4E-F5B2-47D6-8A2A-51CFA24C365A}.Release|Any CPU.Build.0 = Release|Any CPU
		{3DD1338C-E9CD-474D-9703-001A486B4459}.Debug|Any CPU.ActiveCfg = Debug|Any CPU
		{3DD1338C-E9CD-474D-9703-001A486B4459}.Debug|Any CPU.Build.0 = Debug|Any CPU
		{3DD1338C-E9CD-474D-9703-001A486B4459}.Release|Any CPU.ActiveCfg = Release|Any CPU
		{3DD1338C-E9CD-474D-9703-001A486B4459}.Release|Any CPU.Build.0 = Release|Any CPU
		{9E8AC27F-5A49-44BC-9C3E-E3E4476C08EF}.Debug|Any CPU.ActiveCfg = Debug|Any CPU
		{9E8AC27F-5A49-44BC-9C3E-E3E4476C08EF}.Debug|Any CPU.Build.0 = Debug|Any CPU
		{9E8AC27F-5A49-44BC-9C3E-E3E4476C08EF}.Release|Any CPU.ActiveCfg = Release|Any CPU
		{9E8AC27F-5A49-44BC-9C3E-E3E4476C08EF}.Release|Any CPU.Build.0 = Release|Any CPU
		{EACBA854-A885-4C6B-BCD7-2D14C3E6570C}.Debug|Any CPU.ActiveCfg = Debug|Any CPU
		{EACBA854-A885-4C6B-BCD7-2D14C3E6570C}.Debug|Any CPU.Build.0 = Debug|Any CPU
		{EACBA854-A885-4C6B-BCD7-2D14C3E6570C}.Release|Any CPU.ActiveCfg = Release|Any CPU
		{EACBA854-A885-4C6B-BCD7-2D14C3E6570C}.Release|Any CPU.Build.0 = Release|Any CPU
		{11AF1EDA-0D00-4AE3-BFBE-497C99F16FBC}.Debug|Any CPU.ActiveCfg = Debug|Any CPU
		{11AF1EDA-0D00-4AE3-BFBE-497C99F16FBC}.Debug|Any CPU.Build.0 = Debug|Any CPU
		{11AF1EDA-0D00-4AE3-BFBE-497C99F16FBC}.Release|Any CPU.ActiveCfg = Release|Any CPU
		{11AF1EDA-0D00-4AE3-BFBE-497C99F16FBC}.Release|Any CPU.Build.0 = Release|Any CPU
		{50FCF85E-9B0C-4E8A-9C7D-FA5229842E05}.Debug|Any CPU.ActiveCfg = Debug|Any CPU
		{50FCF85E-9B0C-4E8A-9C7D-FA5229842E05}.Debug|Any CPU.Build.0 = Debug|Any CPU
		{50FCF85E-9B0C-4E8A-9C7D-FA5229842E05}.Release|Any CPU.ActiveCfg = Release|Any CPU
		{50FCF85E-9B0C-4E8A-9C7D-FA5229842E05}.Release|Any CPU.Build.0 = Release|Any CPU
		{6B729C25-5F92-4222-8658-2660F4685036}.Debug|Any CPU.ActiveCfg = Debug|Any CPU
		{6B729C25-5F92-4222-8658-2660F4685036}.Debug|Any CPU.Build.0 = Debug|Any CPU
		{6B729C25-5F92-4222-8658-2660F4685036}.Release|Any CPU.ActiveCfg = Release|Any CPU
		{6B729C25-5F92-4222-8658-2660F4685036}.Release|Any CPU.Build.0 = Release|Any CPU
	EndGlobalSection
	GlobalSection(SolutionProperties) = preSolution
		HideSolutionNode = FALSE
	EndGlobalSection
	GlobalSection(NestedProjects) = preSolution
		{11AF1EDA-0D00-4AE3-BFBE-497C99F16FBC} = {59FE59B8-9AFA-4653-8D88-3A3F58296F58}
		{6B729C25-5F92-4222-8658-2660F4685036} = {59FE59B8-9AFA-4653-8D88-3A3F58296F58}
	EndGlobalSection
	GlobalSection(ExtensibilityGlobals) = postSolution
		SolutionGuid = {69EE071E-F468-40FA-9835-B9E123BC8483}
	EndGlobalSection
EndGlobal
